// !$*UTF8*$!
{
	archiveVersion = 1;
	classes = {
	};
	objectVersion = 50;
	objects = {

/* Begin PBXBuildFile section */
		4E55EB892095607700B428D1 /* AppDelegate.swift in Sources */ = {isa = PBXBuildFile; fileRef = 4E55EB882095607700B428D1 /* AppDelegate.swift */; };
		4E55EB8B2095607700B428D1 /* ViewController.swift in Sources */ = {isa = PBXBuildFile; fileRef = 4E55EB8A2095607700B428D1 /* ViewController.swift */; };
		4E55EB8E2095607700B428D1 /* Main.storyboard in Resources */ = {isa = PBXBuildFile; fileRef = 4E55EB8C2095607700B428D1 /* Main.storyboard */; };
		4E55EB902095607800B428D1 /* Assets.xcassets in Resources */ = {isa = PBXBuildFile; fileRef = 4E55EB8F2095607800B428D1 /* Assets.xcassets */; };
		4E55EB932095607800B428D1 /* LaunchScreen.storyboard in Resources */ = {isa = PBXBuildFile; fileRef = 4E55EB912095607800B428D1 /* LaunchScreen.storyboard */; };
		4E55EB9E2095607800B428D1 /* CognitoSampleTests.swift in Sources */ = {isa = PBXBuildFile; fileRef = 4E55EB9D2095607800B428D1 /* CognitoSampleTests.swift */; };
		4E55EBA92095607800B428D1 /* CognitoSampleUITests.swift in Sources */ = {isa = PBXBuildFile; fileRef = 4E55EBA82095607800B428D1 /* CognitoSampleUITests.swift */; };
		65BDB718BAEA8C0A0B1528D2 /* Pods_CognitoSample.framework in Frameworks */ = {isa = PBXBuildFile; fileRef = 2AACB2C083E8B95459A4D365 /* Pods_CognitoSample.framework */; };
		865C79F552E1E9001D961D16 /* Pods_CognitoSampleUITests.framework in Frameworks */ = {isa = PBXBuildFile; fileRef = 968D9B1C6833F567D18503D9 /* Pods_CognitoSampleUITests.framework */; };
		A803483F74714F174D20EED8 /* Pods_CognitoSampleTests.framework in Frameworks */ = {isa = PBXBuildFile; fileRef = F489328838670F50D0F2D1BD /* Pods_CognitoSampleTests.framework */; };
/* End PBXBuildFile section */

/* Begin PBXContainerItemProxy section */
		4E55EB9A2095607800B428D1 /* PBXContainerItemProxy */ = {
			isa = PBXContainerItemProxy;
			containerPortal = 4E55EB7D2095607700B428D1 /* Project object */;
			proxyType = 1;
			remoteGlobalIDString = 4E55EB842095607700B428D1;
			remoteInfo = CognitoSample;
		};
		4E55EBA52095607800B428D1 /* PBXContainerItemProxy */ = {
			isa = PBXContainerItemProxy;
			containerPortal = 4E55EB7D2095607700B428D1 /* Project object */;
			proxyType = 1;
			remoteGlobalIDString = 4E55EB842095607700B428D1;
			remoteInfo = CognitoSample;
		};
/* End PBXContainerItemProxy section */

/* Begin PBXFileReference section */
		2AACB2C083E8B95459A4D365 /* Pods_CognitoSample.framework */ = {isa = PBXFileReference; explicitFileType = wrapper.framework; includeInIndex = 0; path = Pods_CognitoSample.framework; sourceTree = BUILT_PRODUCTS_DIR; };
		45189FFBE95E9FED452799AF /* Pods-CognitoSampleTests.release.xcconfig */ = {isa = PBXFileReference; includeInIndex = 1; lastKnownFileType = text.xcconfig; name = "Pods-CognitoSampleTests.release.xcconfig"; path = "Pods/Target Support Files/Pods-CognitoSampleTests/Pods-CognitoSampleTests.release.xcconfig"; sourceTree = "<group>"; };
		4B84A553C74B0BC9CF16226B /* Pods-CognitoSampleUITests.release.xcconfig */ = {isa = PBXFileReference; includeInIndex = 1; lastKnownFileType = text.xcconfig; name = "Pods-CognitoSampleUITests.release.xcconfig"; path = "Pods/Target Support Files/Pods-CognitoSampleUITests/Pods-CognitoSampleUITests.release.xcconfig"; sourceTree = "<group>"; };
		4BCA686941F6E593EEACD7F7 /* Pods-CognitoSample.release.xcconfig */ = {isa = PBXFileReference; includeInIndex = 1; lastKnownFileType = text.xcconfig; name = "Pods-CognitoSample.release.xcconfig"; path = "Pods/Target Support Files/Pods-CognitoSample/Pods-CognitoSample.release.xcconfig"; sourceTree = "<group>"; };
		4E55EB852095607700B428D1 /* CognitoSample.app */ = {isa = PBXFileReference; explicitFileType = wrapper.application; includeInIndex = 0; path = CognitoSample.app; sourceTree = BUILT_PRODUCTS_DIR; };
		4E55EB882095607700B428D1 /* AppDelegate.swift */ = {isa = PBXFileReference; lastKnownFileType = sourcecode.swift; path = AppDelegate.swift; sourceTree = "<group>"; };
		4E55EB8A2095607700B428D1 /* ViewController.swift */ = {isa = PBXFileReference; lastKnownFileType = sourcecode.swift; path = ViewController.swift; sourceTree = "<group>"; };
		4E55EB8D2095607700B428D1 /* Base */ = {isa = PBXFileReference; lastKnownFileType = file.storyboard; name = Base; path = Base.lproj/Main.storyboard; sourceTree = "<group>"; };
		4E55EB8F2095607800B428D1 /* Assets.xcassets */ = {isa = PBXFileReference; lastKnownFileType = folder.assetcatalog; path = Assets.xcassets; sourceTree = "<group>"; };
		4E55EB922095607800B428D1 /* Base */ = {isa = PBXFileReference; lastKnownFileType = file.storyboard; name = Base; path = Base.lproj/LaunchScreen.storyboard; sourceTree = "<group>"; };
		4E55EB942095607800B428D1 /* Info.plist */ = {isa = PBXFileReference; lastKnownFileType = text.plist.xml; path = Info.plist; sourceTree = "<group>"; };
		4E55EB992095607800B428D1 /* CognitoSampleTests.xctest */ = {isa = PBXFileReference; explicitFileType = wrapper.cfbundle; includeInIndex = 0; path = CognitoSampleTests.xctest; sourceTree = BUILT_PRODUCTS_DIR; };
		4E55EB9D2095607800B428D1 /* CognitoSampleTests.swift */ = {isa = PBXFileReference; lastKnownFileType = sourcecode.swift; path = CognitoSampleTests.swift; sourceTree = "<group>"; };
		4E55EB9F2095607800B428D1 /* Info.plist */ = {isa = PBXFileReference; lastKnownFileType = text.plist.xml; path = Info.plist; sourceTree = "<group>"; };
		4E55EBA42095607800B428D1 /* CognitoSampleUITests.xctest */ = {isa = PBXFileReference; explicitFileType = wrapper.cfbundle; includeInIndex = 0; path = CognitoSampleUITests.xctest; sourceTree = BUILT_PRODUCTS_DIR; };
		4E55EBA82095607800B428D1 /* CognitoSampleUITests.swift */ = {isa = PBXFileReference; lastKnownFileType = sourcecode.swift; path = CognitoSampleUITests.swift; sourceTree = "<group>"; };
		4E55EBAA2095607800B428D1 /* Info.plist */ = {isa = PBXFileReference; lastKnownFileType = text.plist.xml; path = Info.plist; sourceTree = "<group>"; };
		968D9B1C6833F567D18503D9 /* Pods_CognitoSampleUITests.framework */ = {isa = PBXFileReference; explicitFileType = wrapper.framework; includeInIndex = 0; path = Pods_CognitoSampleUITests.framework; sourceTree = BUILT_PRODUCTS_DIR; };
		E71366987C9202950484D7E5 /* Pods-CognitoSample.debug.xcconfig */ = {isa = PBXFileReference; includeInIndex = 1; lastKnownFileType = text.xcconfig; name = "Pods-CognitoSample.debug.xcconfig"; path = "Pods/Target Support Files/Pods-CognitoSample/Pods-CognitoSample.debug.xcconfig"; sourceTree = "<group>"; };
		F489328838670F50D0F2D1BD /* Pods_CognitoSampleTests.framework */ = {isa = PBXFileReference; explicitFileType = wrapper.framework; includeInIndex = 0; path = Pods_CognitoSampleTests.framework; sourceTree = BUILT_PRODUCTS_DIR; };
		FAF2D8A4E137422F8E301058 /* Pods-CognitoSampleUITests.debug.xcconfig */ = {isa = PBXFileReference; includeInIndex = 1; lastKnownFileType = text.xcconfig; name = "Pods-CognitoSampleUITests.debug.xcconfig"; path = "Pods/Target Support Files/Pods-CognitoSampleUITests/Pods-CognitoSampleUITests.debug.xcconfig"; sourceTree = "<group>"; };
		FF2DC9FEFC17755C512C79CB /* Pods-CognitoSampleTests.debug.xcconfig */ = {isa = PBXFileReference; includeInIndex = 1; lastKnownFileType = text.xcconfig; name = "Pods-CognitoSampleTests.debug.xcconfig"; path = "Pods/Target Support Files/Pods-CognitoSampleTests/Pods-CognitoSampleTests.debug.xcconfig"; sourceTree = "<group>"; };
/* End PBXFileReference section */

/* Begin PBXFrameworksBuildPhase section */
		4E55EB822095607700B428D1 /* Frameworks */ = {
			isa = PBXFrameworksBuildPhase;
			buildActionMask = 2147483647;
			files = (
				65BDB718BAEA8C0A0B1528D2 /* Pods_CognitoSample.framework in Frameworks */,
			);
			runOnlyForDeploymentPostprocessing = 0;
		};
		4E55EB962095607800B428D1 /* Frameworks */ = {
			isa = PBXFrameworksBuildPhase;
			buildActionMask = 2147483647;
			files = (
				A803483F74714F174D20EED8 /* Pods_CognitoSampleTests.framework in Frameworks */,
			);
			runOnlyForDeploymentPostprocessing = 0;
		};
		4E55EBA12095607800B428D1 /* Frameworks */ = {
			isa = PBXFrameworksBuildPhase;
			buildActionMask = 2147483647;
			files = (
				865C79F552E1E9001D961D16 /* Pods_CognitoSampleUITests.framework in Frameworks */,
			);
			runOnlyForDeploymentPostprocessing = 0;
		};
/* End PBXFrameworksBuildPhase section */

/* Begin PBXGroup section */
		4E55EB7C2095607700B428D1 = {
			isa = PBXGroup;
			children = (
				4E55EB872095607700B428D1 /* CognitoSample */,
				4E55EB9C2095607800B428D1 /* CognitoSampleTests */,
				4E55EBA72095607800B428D1 /* CognitoSampleUITests */,
				4E55EB862095607700B428D1 /* Products */,
				6A5C29AFBF7C739A50065A9D /* Pods */,
				BF3083ECF7E115189482A4C9 /* Frameworks */,
			);
			sourceTree = "<group>";
		};
		4E55EB862095607700B428D1 /* Products */ = {
			isa = PBXGroup;
			children = (
				4E55EB852095607700B428D1 /* CognitoSample.app */,
				4E55EB992095607800B428D1 /* CognitoSampleTests.xctest */,
				4E55EBA42095607800B428D1 /* CognitoSampleUITests.xctest */,
			);
			name = Products;
			sourceTree = "<group>";
		};
		4E55EB872095607700B428D1 /* CognitoSample */ = {
			isa = PBXGroup;
			children = (
				4E55EB882095607700B428D1 /* AppDelegate.swift */,
				4E55EB8A2095607700B428D1 /* ViewController.swift */,
				4E55EB8C2095607700B428D1 /* Main.storyboard */,
				4E55EB8F2095607800B428D1 /* Assets.xcassets */,
				4E55EB912095607800B428D1 /* LaunchScreen.storyboard */,
				4E55EB942095607800B428D1 /* Info.plist */,
			);
			path = CognitoSample;
			sourceTree = "<group>";
		};
		4E55EB9C2095607800B428D1 /* CognitoSampleTests */ = {
			isa = PBXGroup;
			children = (
				4E55EB9D2095607800B428D1 /* CognitoSampleTests.swift */,
				4E55EB9F2095607800B428D1 /* Info.plist */,
			);
			path = CognitoSampleTests;
			sourceTree = "<group>";
		};
		4E55EBA72095607800B428D1 /* CognitoSampleUITests */ = {
			isa = PBXGroup;
			children = (
				4E55EBA82095607800B428D1 /* CognitoSampleUITests.swift */,
				4E55EBAA2095607800B428D1 /* Info.plist */,
			);
			path = CognitoSampleUITests;
			sourceTree = "<group>";
		};
		6A5C29AFBF7C739A50065A9D /* Pods */ = {
			isa = PBXGroup;
			children = (
				E71366987C9202950484D7E5 /* Pods-CognitoSample.debug.xcconfig */,
				4BCA686941F6E593EEACD7F7 /* Pods-CognitoSample.release.xcconfig */,
				FF2DC9FEFC17755C512C79CB /* Pods-CognitoSampleTests.debug.xcconfig */,
				45189FFBE95E9FED452799AF /* Pods-CognitoSampleTests.release.xcconfig */,
				FAF2D8A4E137422F8E301058 /* Pods-CognitoSampleUITests.debug.xcconfig */,
				4B84A553C74B0BC9CF16226B /* Pods-CognitoSampleUITests.release.xcconfig */,
			);
			name = Pods;
			sourceTree = "<group>";
		};
		BF3083ECF7E115189482A4C9 /* Frameworks */ = {
			isa = PBXGroup;
			children = (
				2AACB2C083E8B95459A4D365 /* Pods_CognitoSample.framework */,
				F489328838670F50D0F2D1BD /* Pods_CognitoSampleTests.framework */,
				968D9B1C6833F567D18503D9 /* Pods_CognitoSampleUITests.framework */,
			);
			name = Frameworks;
			sourceTree = "<group>";
		};
/* End PBXGroup section */

/* Begin PBXNativeTarget section */
		4E55EB842095607700B428D1 /* CognitoSample */ = {
			isa = PBXNativeTarget;
			buildConfigurationList = 4E55EBAD2095607800B428D1 /* Build configuration list for PBXNativeTarget "CognitoSample" */;
			buildPhases = (
				C9E4D7746D964BCC695E3080 /* [CP] Check Pods Manifest.lock */,
				4E55EB812095607700B428D1 /* Sources */,
				4E55EB822095607700B428D1 /* Frameworks */,
				4E55EB832095607700B428D1 /* Resources */,
				2EA7BBE7DFC7C385D5701096 /* [CP] Embed Pods Frameworks */,
				16EE46714896CF8E8741BE01 /* [CP] Copy Pods Resources */,
			);
			buildRules = (
			);
			dependencies = (
			);
			name = CognitoSample;
			productName = CognitoSample;
			productReference = 4E55EB852095607700B428D1 /* CognitoSample.app */;
			productType = "com.apple.product-type.application";
		};
		4E55EB982095607800B428D1 /* CognitoSampleTests */ = {
			isa = PBXNativeTarget;
			buildConfigurationList = 4E55EBB02095607800B428D1 /* Build configuration list for PBXNativeTarget "CognitoSampleTests" */;
			buildPhases = (
				449DF2D171ED00A15C09E6DC /* [CP] Check Pods Manifest.lock */,
				4E55EB952095607800B428D1 /* Sources */,
				4E55EB962095607800B428D1 /* Frameworks */,
				4E55EB972095607800B428D1 /* Resources */,
				526B57F246B8506A3B8728DA /* [CP] Embed Pods Frameworks */,
				93BD244DF36ACDF29A9BDAE2 /* [CP] Copy Pods Resources */,
			);
			buildRules = (
			);
			dependencies = (
				4E55EB9B2095607800B428D1 /* PBXTargetDependency */,
			);
			name = CognitoSampleTests;
			productName = CognitoSampleTests;
			productReference = 4E55EB992095607800B428D1 /* CognitoSampleTests.xctest */;
			productType = "com.apple.product-type.bundle.unit-test";
		};
		4E55EBA32095607800B428D1 /* CognitoSampleUITests */ = {
			isa = PBXNativeTarget;
			buildConfigurationList = 4E55EBB32095607800B428D1 /* Build configuration list for PBXNativeTarget "CognitoSampleUITests" */;
			buildPhases = (
				C03FE33567C8D2465E5A8615 /* [CP] Check Pods Manifest.lock */,
				4E55EBA02095607800B428D1 /* Sources */,
				4E55EBA12095607800B428D1 /* Frameworks */,
				4E55EBA22095607800B428D1 /* Resources */,
				9B8ACED252F71268DEC90F55 /* [CP] Embed Pods Frameworks */,
				661C6A63F3EB368D29FBAD07 /* [CP] Copy Pods Resources */,
			);
			buildRules = (
			);
			dependencies = (
				4E55EBA62095607800B428D1 /* PBXTargetDependency */,
			);
			name = CognitoSampleUITests;
			productName = CognitoSampleUITests;
			productReference = 4E55EBA42095607800B428D1 /* CognitoSampleUITests.xctest */;
			productType = "com.apple.product-type.bundle.ui-testing";
		};
/* End PBXNativeTarget section */

/* Begin PBXProject section */
		4E55EB7D2095607700B428D1 /* Project object */ = {
			isa = PBXProject;
			attributes = {
				LastSwiftUpdateCheck = 0930;
				LastUpgradeCheck = 0930;
				ORGANIZATIONNAME = "Shinji Hayai";
				TargetAttributes = {
					4E55EB842095607700B428D1 = {
						CreatedOnToolsVersion = 9.3;
					};
					4E55EB982095607800B428D1 = {
						CreatedOnToolsVersion = 9.3;
						TestTargetID = 4E55EB842095607700B428D1;
					};
					4E55EBA32095607800B428D1 = {
						CreatedOnToolsVersion = 9.3;
						TestTargetID = 4E55EB842095607700B428D1;
					};
				};
			};
			buildConfigurationList = 4E55EB802095607700B428D1 /* Build configuration list for PBXProject "CognitoSample" */;
			compatibilityVersion = "Xcode 9.3";
			developmentRegion = en;
			hasScannedForEncodings = 0;
			knownRegions = (
				en,
				Base,
			);
			mainGroup = 4E55EB7C2095607700B428D1;
			productRefGroup = 4E55EB862095607700B428D1 /* Products */;
			projectDirPath = "";
			projectRoot = "";
			targets = (
				4E55EB842095607700B428D1 /* CognitoSample */,
				4E55EB982095607800B428D1 /* CognitoSampleTests */,
				4E55EBA32095607800B428D1 /* CognitoSampleUITests */,
			);
		};
/* End PBXProject section */

/* Begin PBXResourcesBuildPhase section */
		4E55EB832095607700B428D1 /* Resources */ = {
			isa = PBXResourcesBuildPhase;
			buildActionMask = 2147483647;
			files = (
				4E55EB932095607800B428D1 /* LaunchScreen.storyboard in Resources */,
				4E55EB902095607800B428D1 /* Assets.xcassets in Resources */,
				4E55EB8E2095607700B428D1 /* Main.storyboard in Resources */,
			);
			runOnlyForDeploymentPostprocessing = 0;
		};
		4E55EB972095607800B428D1 /* Resources */ = {
			isa = PBXResourcesBuildPhase;
			buildActionMask = 2147483647;
			files = (
			);
			runOnlyForDeploymentPostprocessing = 0;
		};
		4E55EBA22095607800B428D1 /* Resources */ = {
			isa = PBXResourcesBuildPhase;
			buildActionMask = 2147483647;
			files = (
			);
			runOnlyForDeploymentPostprocessing = 0;
		};
/* End PBXResourcesBuildPhase section */

/* Begin PBXShellScriptBuildPhase section */
		16EE46714896CF8E8741BE01 /* [CP] Copy Pods Resources */ = {
			isa = PBXShellScriptBuildPhase;
			buildActionMask = 2147483647;
			files = (
			);
			inputPaths = (
			);
			name = "[CP] Copy Pods Resources";
			outputPaths = (
			);
			runOnlyForDeploymentPostprocessing = 0;
			shellPath = /bin/sh;
			shellScript = "\"${SRCROOT}/Pods/Target Support Files/Pods-CognitoSample/Pods-CognitoSample-resources.sh\"\n";
			showEnvVarsInLog = 0;
		};
		2EA7BBE7DFC7C385D5701096 /* [CP] Embed Pods Frameworks */ = {
			isa = PBXShellScriptBuildPhase;
			buildActionMask = 2147483647;
			files = (
			);
			inputPaths = (
				"${SRCROOT}/Pods/Target Support Files/Pods-CognitoSample/Pods-CognitoSample-frameworks.sh",
				"${BUILT_PRODUCTS_DIR}/AWSCognito/AWSCognito.framework",
				"${BUILT_PRODUCTS_DIR}/AWSCore/AWSCore.framework",
				"${BUILT_PRODUCTS_DIR}/AWSS3/AWSS3.framework",
				"${BUILT_PRODUCTS_DIR}/SSZipArchive/SSZipArchive.framework",
			);
			name = "[CP] Embed Pods Frameworks";
			outputPaths = (
				"${TARGET_BUILD_DIR}/${FRAMEWORKS_FOLDER_PATH}/AWSCognito.framework",
				"${TARGET_BUILD_DIR}/${FRAMEWORKS_FOLDER_PATH}/AWSCore.framework",
				"${TARGET_BUILD_DIR}/${FRAMEWORKS_FOLDER_PATH}/AWSS3.framework",
				"${TARGET_BUILD_DIR}/${FRAMEWORKS_FOLDER_PATH}/SSZipArchive.framework",
			);
			runOnlyForDeploymentPostprocessing = 0;
			shellPath = /bin/sh;
			shellScript = "\"${SRCROOT}/Pods/Target Support Files/Pods-CognitoSample/Pods-CognitoSample-frameworks.sh\"\n";
			showEnvVarsInLog = 0;
		};
		449DF2D171ED00A15C09E6DC /* [CP] Check Pods Manifest.lock */ = {
			isa = PBXShellScriptBuildPhase;
			buildActionMask = 2147483647;
			files = (
			);
			inputPaths = (
				"${PODS_PODFILE_DIR_PATH}/Podfile.lock",
				"${PODS_ROOT}/Manifest.lock",
			);
			name = "[CP] Check Pods Manifest.lock";
			outputPaths = (
				"$(DERIVED_FILE_DIR)/Pods-CognitoSampleTests-checkManifestLockResult.txt",
			);
			runOnlyForDeploymentPostprocessing = 0;
			shellPath = /bin/sh;
			shellScript = "diff \"${PODS_PODFILE_DIR_PATH}/Podfile.lock\" \"${PODS_ROOT}/Manifest.lock\" > /dev/null\nif [ $? != 0 ] ; then\n    # print error to STDERR\n    echo \"error: The sandbox is not in sync with the Podfile.lock. Run 'pod install' or update your CocoaPods installation.\" >&2\n    exit 1\nfi\n# This output is used by Xcode 'outputs' to avoid re-running this script phase.\necho \"SUCCESS\" > \"${SCRIPT_OUTPUT_FILE_0}\"\n";
			showEnvVarsInLog = 0;
		};
		526B57F246B8506A3B8728DA /* [CP] Embed Pods Frameworks */ = {
			isa = PBXShellScriptBuildPhase;
			buildActionMask = 2147483647;
			files = (
			);
			inputPaths = (
			);
			name = "[CP] Embed Pods Frameworks";
			outputPaths = (
			);
			runOnlyForDeploymentPostprocessing = 0;
			shellPath = /bin/sh;
			shellScript = "\"${SRCROOT}/Pods/Target Support Files/Pods-CognitoSampleTests/Pods-CognitoSampleTests-frameworks.sh\"\n";
			showEnvVarsInLog = 0;
		};
		661C6A63F3EB368D29FBAD07 /* [CP] Copy Pods Resources */ = {
			isa = PBXShellScriptBuildPhase;
			buildActionMask = 2147483647;
			files = (
			);
			inputPaths = (
			);
			name = "[CP] Copy Pods Resources";
			outputPaths = (
			);
			runOnlyForDeploymentPostprocessing = 0;
			shellPath = /bin/sh;
			shellScript = "\"${SRCROOT}/Pods/Target Support Files/Pods-CognitoSampleUITests/Pods-CognitoSampleUITests-resources.sh\"\n";
			showEnvVarsInLog = 0;
		};
		93BD244DF36ACDF29A9BDAE2 /* [CP] Copy Pods Resources */ = {
			isa = PBXShellScriptBuildPhase;
			buildActionMask = 2147483647;
			files = (
			);
			inputPaths = (
			);
			name = "[CP] Copy Pods Resources";
			outputPaths = (
			);
			runOnlyForDeploymentPostprocessing = 0;
			shellPath = /bin/sh;
			shellScript = "\"${SRCROOT}/Pods/Target Support Files/Pods-CognitoSampleTests/Pods-CognitoSampleTests-resources.sh\"\n";
			showEnvVarsInLog = 0;
		};
		9B8ACED252F71268DEC90F55 /* [CP] Embed Pods Frameworks */ = {
			isa = PBXShellScriptBuildPhase;
			buildActionMask = 2147483647;
			files = (
			);
			inputPaths = (
			);
			name = "[CP] Embed Pods Frameworks";
			outputPaths = (
			);
			runOnlyForDeploymentPostprocessing = 0;
			shellPath = /bin/sh;
			shellScript = "\"${SRCROOT}/Pods/Target Support Files/Pods-CognitoSampleUITests/Pods-CognitoSampleUITests-frameworks.sh\"\n";
			showEnvVarsInLog = 0;
		};
		C03FE33567C8D2465E5A8615 /* [CP] Check Pods Manifest.lock */ = {
			isa = PBXShellScriptBuildPhase;
			buildActionMask = 2147483647;
			files = (
			);
			inputPaths = (
				"${PODS_PODFILE_DIR_PATH}/Podfile.lock",
				"${PODS_ROOT}/Manifest.lock",
			);
			name = "[CP] Check Pods Manifest.lock";
			outputPaths = (
				"$(DERIVED_FILE_DIR)/Pods-CognitoSampleUITests-checkManifestLockResult.txt",
			);
			runOnlyForDeploymentPostprocessing = 0;
			shellPath = /bin/sh;
			shellScript = "diff \"${PODS_PODFILE_DIR_PATH}/Podfile.lock\" \"${PODS_ROOT}/Manifest.lock\" > /dev/null\nif [ $? != 0 ] ; then\n    # print error to STDERR\n    echo \"error: The sandbox is not in sync with the Podfile.lock. Run 'pod install' or update your CocoaPods installation.\" >&2\n    exit 1\nfi\n# This output is used by Xcode 'outputs' to avoid re-running this script phase.\necho \"SUCCESS\" > \"${SCRIPT_OUTPUT_FILE_0}\"\n";
			showEnvVarsInLog = 0;
		};
		C9E4D7746D964BCC695E3080 /* [CP] Check Pods Manifest.lock */ = {
			isa = PBXShellScriptBuildPhase;
			buildActionMask = 2147483647;
			files = (
			);
			inputPaths = (
				"${PODS_PODFILE_DIR_PATH}/Podfile.lock",
				"${PODS_ROOT}/Manifest.lock",
			);
			name = "[CP] Check Pods Manifest.lock";
			outputPaths = (
				"$(DERIVED_FILE_DIR)/Pods-CognitoSample-checkManifestLockResult.txt",
			);
			runOnlyForDeploymentPostprocessing = 0;
			shellPath = /bin/sh;
			shellScript = "diff \"${PODS_PODFILE_DIR_PATH}/Podfile.lock\" \"${PODS_ROOT}/Manifest.lock\" > /dev/null\nif [ $? != 0 ] ; then\n    # print error to STDERR\n    echo \"error: The sandbox is not in sync with the Podfile.lock. Run 'pod install' or update your CocoaPods installation.\" >&2\n    exit 1\nfi\n# This output is used by Xcode 'outputs' to avoid re-running this script phase.\necho \"SUCCESS\" > \"${SCRIPT_OUTPUT_FILE_0}\"\n";
			showEnvVarsInLog = 0;
		};
/* End PBXShellScriptBuildPhase section */

/* Begin PBXSourcesBuildPhase section */
		4E55EB812095607700B428D1 /* Sources */ = {
			isa = PBXSourcesBuildPhase;
			buildActionMask = 2147483647;
			files = (
				4E55EB8B2095607700B428D1 /* ViewController.swift in Sources */,
				4E55EB892095607700B428D1 /* AppDelegate.swift in Sources */,
			);
			runOnlyForDeploymentPostprocessing = 0;
		};
		4E55EB952095607800B428D1 /* Sources */ = {
			isa = PBXSourcesBuildPhase;
			buildActionMask = 2147483647;
			files = (
				4E55EB9E2095607800B428D1 /* CognitoSampleTests.swift in Sources */,
			);
			runOnlyForDeploymentPostprocessing = 0;
		};
		4E55EBA02095607800B428D1 /* Sources */ = {
			isa = PBXSourcesBuildPhase;
			buildActionMask = 2147483647;
			files = (
				4E55EBA92095607800B428D1 /* CognitoSampleUITests.swift in Sources */,
			);
			runOnlyForDeploymentPostprocessing = 0;
		};
/* End PBXSourcesBuildPhase section */

/* Begin PBXTargetDependency section */
		4E55EB9B2095607800B428D1 /* PBXTargetDependency */ = {
			isa = PBXTargetDependency;
			target = 4E55EB842095607700B428D1 /* CognitoSample */;
			targetProxy = 4E55EB9A2095607800B428D1 /* PBXContainerItemProxy */;
		};
		4E55EBA62095607800B428D1 /* PBXTargetDependency */ = {
			isa = PBXTargetDependency;
			target = 4E55EB842095607700B428D1 /* CognitoSample */;
			targetProxy = 4E55EBA52095607800B428D1 /* PBXContainerItemProxy */;
		};
/* End PBXTargetDependency section */

/* Begin PBXVariantGroup section */
		4E55EB8C2095607700B428D1 /* Main.storyboard */ = {
			isa = PBXVariantGroup;
			children = (
				4E55EB8D2095607700B428D1 /* Base */,
			);
			name = Main.storyboard;
			sourceTree = "<group>";
		};
		4E55EB912095607800B428D1 /* LaunchScreen.storyboard */ = {
			isa = PBXVariantGroup;
			children = (
				4E55EB922095607800B428D1 /* Base */,
			);
			name = LaunchScreen.storyboard;
			sourceTree = "<group>";
		};
/* End PBXVariantGroup section */

/* Begin XCBuildConfiguration section */
		4E55EBAB2095607800B428D1 /* Debug */ = {
			isa = XCBuildConfiguration;
			buildSettings = {
				ALWAYS_SEARCH_USER_PATHS = NO;
				CLANG_ANALYZER_NONNULL = YES;
				CLANG_ANALYZER_NUMBER_OBJECT_CONVERSION = YES_AGGRESSIVE;
				CLANG_CXX_LANGUAGE_STANDARD = "gnu++14";
				CLANG_CXX_LIBRARY = "libc++";
				CLANG_ENABLE_MODULES = YES;
				CLANG_ENABLE_OBJC_ARC = YES;
				CLANG_ENABLE_OBJC_WEAK = YES;
				CLANG_WARN_BLOCK_CAPTURE_AUTORELEASING = YES;
				CLANG_WARN_BOOL_CONVERSION = YES;
				CLANG_WARN_COMMA = YES;
				CLANG_WARN_CONSTANT_CONVERSION = YES;
				CLANG_WARN_DEPRECATED_OBJC_IMPLEMENTATIONS = YES;
				CLANG_WARN_DIRECT_OBJC_ISA_USAGE = YES_ERROR;
				CLANG_WARN_DOCUMENTATION_COMMENTS = YES;
				CLANG_WARN_EMPTY_BODY = YES;
				CLANG_WARN_ENUM_CONVERSION = YES;
				CLANG_WARN_INFINITE_RECURSION = YES;
				CLANG_WARN_INT_CONVERSION = YES;
				CLANG_WARN_NON_LITERAL_NULL_CONVERSION = YES;
				CLANG_WARN_OBJC_IMPLICIT_RETAIN_SELF = YES;
				CLANG_WARN_OBJC_LITERAL_CONVERSION = YES;
				CLANG_WARN_OBJC_ROOT_CLASS = YES_ERROR;
				CLANG_WARN_RANGE_LOOP_ANALYSIS = YES;
				CLANG_WARN_STRICT_PROTOTYPES = YES;
				CLANG_WARN_SUSPICIOUS_MOVE = YES;
				CLANG_WARN_UNGUARDED_AVAILABILITY = YES_AGGRESSIVE;
				CLANG_WARN_UNREACHABLE_CODE = YES;
				CLANG_WARN__DUPLICATE_METHOD_MATCH = YES;
				CODE_SIGN_IDENTITY = "iPhone Developer";
				COPY_PHASE_STRIP = NO;
				DEBUG_INFORMATION_FORMAT = dwarf;
				ENABLE_STRICT_OBJC_MSGSEND = YES;
				ENABLE_TESTABILITY = YES;
				GCC_C_LANGUAGE_STANDARD = gnu11;
				GCC_DYNAMIC_NO_PIC = NO;
				GCC_NO_COMMON_BLOCKS = YES;
				GCC_OPTIMIZATION_LEVEL = 0;
				GCC_PREPROCESSOR_DEFINITIONS = (
					"DEBUG=1",
					"$(inherited)",
				);
				GCC_WARN_64_TO_32_BIT_CONVERSION = YES;
				GCC_WARN_ABOUT_RETURN_TYPE = YES_ERROR;
				GCC_WARN_UNDECLARED_SELECTOR = YES;
				GCC_WARN_UNINITIALIZED_AUTOS = YES_AGGRESSIVE;
				GCC_WARN_UNUSED_FUNCTION = YES;
				GCC_WARN_UNUSED_VARIABLE = YES;
				IPHONEOS_DEPLOYMENT_TARGET = 10.0;
				MTL_ENABLE_DEBUG_INFO = YES;
				ONLY_ACTIVE_ARCH = YES;
				SDKROOT = iphoneos;
				SWIFT_ACTIVE_COMPILATION_CONDITIONS = DEBUG;
				SWIFT_OPTIMIZATION_LEVEL = "-Onone";
			};
			name = Debug;
		};
		4E55EBAC2095607800B428D1 /* Release */ = {
			isa = XCBuildConfiguration;
			buildSettings = {
				ALWAYS_SEARCH_USER_PATHS = NO;
				CLANG_ANALYZER_NONNULL = YES;
				CLANG_ANALYZER_NUMBER_OBJECT_CONVERSION = YES_AGGRESSIVE;
				CLANG_CXX_LANGUAGE_STANDARD = "gnu++14";
				CLANG_CXX_LIBRARY = "libc++";
				CLANG_ENABLE_MODULES = YES;
				CLANG_ENABLE_OBJC_ARC = YES;
				CLANG_ENABLE_OBJC_WEAK = YES;
				CLANG_WARN_BLOCK_CAPTURE_AUTORELEASING = YES;
				CLANG_WARN_BOOL_CONVERSION = YES;
				CLANG_WARN_COMMA = YES;
				CLANG_WARN_CONSTANT_CONVERSION = YES;
				CLANG_WARN_DEPRECATED_OBJC_IMPLEMENTATIONS = YES;
				CLANG_WARN_DIRECT_OBJC_ISA_USAGE = YES_ERROR;
				CLANG_WARN_DOCUMENTATION_COMMENTS = YES;
				CLANG_WARN_EMPTY_BODY = YES;
				CLANG_WARN_ENUM_CONVERSION = YES;
				CLANG_WARN_INFINITE_RECURSION = YES;
				CLANG_WARN_INT_CONVERSION = YES;
				CLANG_WARN_NON_LITERAL_NULL_CONVERSION = YES;
				CLANG_WARN_OBJC_IMPLICIT_RETAIN_SELF = YES;
				CLANG_WARN_OBJC_LITERAL_CONVERSION = YES;
				CLANG_WARN_OBJC_ROOT_CLASS = YES_ERROR;
				CLANG_WARN_RANGE_LOOP_ANALYSIS = YES;
				CLANG_WARN_STRICT_PROTOTYPES = YES;
				CLANG_WARN_SUSPICIOUS_MOVE = YES;
				CLANG_WARN_UNGUARDED_AVAILABILITY = YES_AGGRESSIVE;
				CLANG_WARN_UNREACHABLE_CODE = YES;
				CLANG_WARN__DUPLICATE_METHOD_MATCH = YES;
				CODE_SIGN_IDENTITY = "iPhone Developer";
				COPY_PHASE_STRIP = NO;
				DEBUG_INFORMATION_FORMAT = "dwarf-with-dsym";
				ENABLE_NS_ASSERTIONS = NO;
				ENABLE_STRICT_OBJC_MSGSEND = YES;
				GCC_C_LANGUAGE_STANDARD = gnu11;
				GCC_NO_COMMON_BLOCKS = YES;
				GCC_WARN_64_TO_32_BIT_CONVERSION = YES;
				GCC_WARN_ABOUT_RETURN_TYPE = YES_ERROR;
				GCC_WARN_UNDECLARED_SELECTOR = YES;
				GCC_WARN_UNINITIALIZED_AUTOS = YES_AGGRESSIVE;
				GCC_WARN_UNUSED_FUNCTION = YES;
				GCC_WARN_UNUSED_VARIABLE = YES;
				IPHONEOS_DEPLOYMENT_TARGET = 10.0;
				MTL_ENABLE_DEBUG_INFO = NO;
				SDKROOT = iphoneos;
				SWIFT_COMPILATION_MODE = wholemodule;
				SWIFT_OPTIMIZATION_LEVEL = "-O";
				VALIDATE_PRODUCT = YES;
			};
			name = Release;
		};
		4E55EBAE2095607800B428D1 /* Debug */ = {
			isa = XCBuildConfiguration;
			baseConfigurationReference = E71366987C9202950484D7E5 /* Pods-CognitoSample.debug.xcconfig */;
			buildSettings = {
				ASSETCATALOG_COMPILER_APPICON_NAME = AppIcon;
				CODE_SIGN_STYLE = Automatic;
				DEVELOPMENT_TEAM = "";
				INFOPLIST_FILE = CognitoSample/Info.plist;
				IPHONEOS_DEPLOYMENT_TARGET = 10.0;
				LD_RUNPATH_SEARCH_PATHS = (
					"$(inherited)",
					"@executable_path/Frameworks",
				);
				PRODUCT_BUNDLE_IDENTIFIER = com.shinjism.CognitoSample;
				PRODUCT_NAME = "$(TARGET_NAME)";
				SWIFT_VERSION = 4.0;
				TARGETED_DEVICE_FAMILY = 1;
			};
			name = Debug;
		};
		4E55EBAF2095607800B428D1 /* Release */ = {
			isa = XCBuildConfiguration;
			baseConfigurationReference = 4BCA686941F6E593EEACD7F7 /* Pods-CognitoSample.release.xcconfig */;
			buildSettings = {
				ASSETCATALOG_COMPILER_APPICON_NAME = AppIcon;
				CODE_SIGN_STYLE = Automatic;
				DEVELOPMENT_TEAM = "";
				INFOPLIST_FILE = CognitoSample/Info.plist;
				IPHONEOS_DEPLOYMENT_TARGET = 10.0;
				LD_RUNPATH_SEARCH_PATHS = (
					"$(inherited)",
					"@executable_path/Frameworks",
				);
				PRODUCT_BUNDLE_IDENTIFIER = com.shinjism.CognitoSample;
				PRODUCT_NAME = "$(TARGET_NAME)";
				SWIFT_VERSION = 4.0;
				TARGETED_DEVICE_FAMILY = 1;
			};
			name = Release;
		};
		4E55EBB12095607800B428D1 /* Debug */ = {
			isa = XCBuildConfiguration;
			baseConfigurationReference = FF2DC9FEFC17755C512C79CB /* Pods-CognitoSampleTests.debug.xcconfig */;
			buildSettings = {
				ALWAYS_EMBED_SWIFT_STANDARD_LIBRARIES = YES;
				BUNDLE_LOADER = "$(TEST_HOST)";
				CODE_SIGN_STYLE = Automatic;
				DEVELOPMENT_TEAM = YQ7H54AM5Y;
				INFOPLIST_FILE = CognitoSampleTests/Info.plist;
				LD_RUNPATH_SEARCH_PATHS = (
					"$(inherited)",
					"@executable_path/Frameworks",
					"@loader_path/Frameworks",
				);
				PRODUCT_BUNDLE_IDENTIFIER = com.shinjism.CognitoSampleTests;
				PRODUCT_NAME = "$(TARGET_NAME)";
				SWIFT_VERSION = 4.0;
				TARGETED_DEVICE_FAMILY = "1,2";
				TEST_HOST = "$(BUILT_PRODUCTS_DIR)/CognitoSample.app/CognitoSample";
			};
			name = Debug;
		};
		4E55EBB22095607800B428D1 /* Release */ = {
			isa = XCBuildConfiguration;
			baseConfigurationReference = 45189FFBE95E9FED452799AF /* Pods-CognitoSampleTests.release.xcconfig */;
			buildSettings = {
				ALWAYS_EMBED_SWIFT_STANDARD_LIBRARIES = YES;
				BUNDLE_LOADER = "$(TEST_HOST)";
				CODE_SIGN_STYLE = Automatic;
				DEVELOPMENT_TEAM = YQ7H54AM5Y;
				INFOPLIST_FILE = CognitoSampleTests/Info.plist;
				LD_RUNPATH_SEARCH_PATHS = (
					"$(inherited)",
					"@executable_path/Frameworks",
					"@loader_path/Frameworks",
				);
				PRODUCT_BUNDLE_IDENTIFIER = com.shinjism.CognitoSampleTests;
				PRODUCT_NAME = "$(TARGET_NAME)";
				SWIFT_VERSION = 4.0;
				TARGETED_DEVICE_FAMILY = "1,2";
				TEST_HOST = "$(BUILT_PRODUCTS_DIR)/CognitoSample.app/CognitoSample";
			};
			name = Release;
		};
		4E55EBB42095607800B428D1 /* Debug */ = {
			isa = XCBuildConfiguration;
			baseConfigurationReference = FAF2D8A4E137422F8E301058 /* Pods-CognitoSampleUITests.debug.xcconfig */;
			buildSettings = {
				ALWAYS_EMBED_SWIFT_STANDARD_LIBRARIES = YES;
				CODE_SIGN_STYLE = Automatic;
				DEVELOPMENT_TEAM = YQ7H54AM5Y;
				INFOPLIST_FILE = CognitoSampleUITests/Info.plist;
				LD_RUNPATH_SEARCH_PATHS = (
					"$(inherited)",
					"@executable_path/Frameworks",
					"@loader_path/Frameworks",
				);
				PRODUCT_BUNDLE_IDENTIFIER = com.shinjism.CognitoSampleUITests;
				PRODUCT_NAME = "$(TARGET_NAME)";
				SWIFT_VERSION = 4.0;
				TARGETED_DEVICE_FAMILY = "1,2";
				TEST_TARGET_NAME = CognitoSample;
			};
			name = Debug;
		};
		4E55EBB52095607800B428D1 /* Release */ = {
			isa = XCBuildConfiguration;
			baseConfigurationReference = 4B84A553C74B0BC9CF16226B /* Pods-CognitoSampleUITests.release.xcconfig */;
			buildSettings = {
				ALWAYS_EMBED_SWIFT_STANDARD_LIBRARIES = YES;
				CODE_SIGN_STYLE = Automatic;
				DEVELOPMENT_TEAM = YQ7H54AM5Y;
				INFOPLIST_FILE = CognitoSampleUITests/Info.plist;
				LD_RUNPATH_SEARCH_PATHS = (
					"$(inherited)",
					"@executable_path/Frameworks",
					"@loader_path/Frameworks",
				);
				PRODUCT_BUNDLE_IDENTIFIER = com.shinjism.CognitoSampleUITests;
				PRODUCT_NAME = "$(TARGET_NAME)";
				SWIFT_VERSION = 4.0;
				TARGETED_DEVICE_FAMILY = "1,2";
				TEST_TARGET_NAME = CognitoSample;
			};
			name = Release;
		};
/* End XCBuildConfiguration section */

/* Begin XCConfigurationList section */
		4E55EB802095607700B428D1 /* Build configuration list for PBXProject "CognitoSample" */ = {
			isa = XCConfigurationList;
			buildConfigurations = (
				4E55EBAB2095607800B428D1 /* Debug */,
				4E55EBAC2095607800B428D1 /* Release */,
			);
			defaultConfigurationIsVisible = 0;
			defaultConfigurationName = Release;
		};
		4E55EBAD2095607800B428D1 /* Build configuration list for PBXNativeTarget "CognitoSample" */ = {
			isa = XCConfigurationList;
			buildConfigurations = (
				4E55EBAE2095607800B428D1 /* Debug */,
				4E55EBAF2095607800B428D1 /* Release */,
			);
			defaultConfigurationIsVisible = 0;
			defaultConfigurationName = Release;
		};
		4E55EBB02095607800B428D1 /* Build configuration list for PBXNativeTarget "CognitoSampleTests" */ = {
			isa = XCConfigurationList;
			buildConfigurations = (
				4E55EBB12095607800B428D1 /* Debug */,
				4E55EBB22095607800B428D1 /* Release */,
			);
			defaultConfigurationIsVisible = 0;
			defaultConfigurationName = Release;
		};
		4E55EBB32095607800B428D1 /* Build configuration list for PBXNativeTarget "CognitoSampleUITests" */ = {
			isa = XCConfigurationList;
			buildConfigurations = (
				4E55EBB42095607800B428D1 /* Debug */,
				4E55EBB52095607800B428D1 /* Release */,
			);
			defaultConfigurationIsVisible = 0;
			defaultConfigurationName = Release;
		};
/* End XCConfigurationList section */
	};
	rootObject = 4E55EB7D2095607700B428D1 /* Project object */;
}
